Microsoft Visual Studio Solution File, Format Version 12.00
# Visual Studio Version 17
VisualStudioVersion = 17.0.31903.59
MinimumVisualStudioVersion = 10.0.40219.1
Project("{2150E333-8FDC-42A3-9474-1A3956D46DE8}") = "src", "src", "{9A19103F-16F7-4668-BE54-9A1E7A4F7556}"
EndProject
Project("{2150E333-8FDC-42A3-9474-1A3956D46DE8}") = "tests", "tests", "{8BB2717D-A8FF-4C72-9C8C-2D1A4F2E5A3D}"
EndProject
Project("{2150E333-8FDC-42A3-9474-1A3956D46DE8}") = "tests\unit", "tests\unit", "{3F5504C0-4F89-11D3-9A0C-0305E82C3301}"
EndProject
Project("{2150E333-8FDC-42A3-9474-1A3956D46DE8}") = "tests\integration", "tests\integration", "{6F8B6C59-4F89-11D3-9A0C-0305E82C3302}"
EndProject
Project("{2150E333-8FDC-42A3-9474-1A3956D46DE8}") = "samples", "samples", "{A1B2C3D4-4F89-11D3-9A0C-0305E82C3303}"
EndProject
Project("{9A19103F-16F7-4668-BE54-9A1E7A4F7556}") = "DotNetShell.Host", "src\DotNetShell.Host\DotNetShell.Host.csproj", "{F84C63E0-E17A-4A22-9A98-5F79A3E3F123}"
EndProject
Project("{9A19103F-16F7-4668-BE54-9A1E7A4F7556}") = "DotNetShell.Abstractions", "src\DotNetShell.Abstractions\DotNetShell.Abstractions.csproj", "{B2A1C9D8-E17A-4A22-9A98-5F79A3E3F124}"
EndProject
Project("{9A19103F-16F7-4668-BE54-9A1E7A4F7556}") = "DotNetShell.Core", "src\DotNetShell.Core\DotNetShell.Core.csproj", "{C3B2D0F9-E17A-4A22-9A98-5F79A3E3F125}"
EndProject
Project("{9A19103F-16F7-4668-BE54-9A1E7A4F7556}") = "DotNetShell.Auth", "src\DotNetShell.Auth\DotNetShell.Auth.csproj", "{D4C3E1FA-E17A-4A22-9A98-5F79A3E3F126}"
EndProject
Project("{9A19103F-16F7-4668-BE54-9A1E7A4F7556}") = "DotNetShell.Logging", "src\DotNetShell.Logging\DotNetShell.Logging.csproj", "{E5D4F2FB-E17A-4A22-9A98-5F79A3E3F127}"
EndProject
Project("{9A19103F-16F7-4668-BE54-9A1E7A4F7556}") = "DotNetShell.Telemetry", "src\DotNetShell.Telemetry\DotNetShell.Telemetry.csproj", "{F6E5043C-E17A-4A22-9A98-5F79A3E3F128}"
EndProject
Project("{9A19103F-16F7-4668-BE54-9A1E7A4F7556}") = "DotNetShell.Extensions", "src\DotNetShell.Extensions\DotNetShell.Extensions.csproj", "{07F6154D-E17A-4A22-9A98-5F79A3E3F129}"
EndProject
Project("{9A19103F-16F7-4668-BE54-9A1E7A4F7556}") = "SampleBusinessLogic", "samples\SampleBusinessLogic\SampleBusinessLogic.csproj", "{18076E5E-E17A-4A22-9A98-5F79A3E3F130}"
EndProject
Project("{9A19103F-16F7-4668-BE54-9A1E7A4F7556}") = "DotNetShell.Host.UnitTests", "tests\unit\DotNetShell.Host.UnitTests\DotNetShell.Host.UnitTests.csproj", "{29187F6F-E17A-4A22-9A98-5F79A3E3F131}"
EndProject
Project("{9A19103F-16F7-4668-BE54-9A1E7A4F7556}") = "DotNetShell.Core.UnitTests", "tests\unit\DotNetShell.Core.UnitTests\DotNetShell.Core.UnitTests.csproj", "{3A298070-E17A-4A22-9A98-5F79A3E3F132}"
EndProject
Project("{9A19103F-16F7-4668-BE54-9A1E7A4F7556}") = "DotNetShell.IntegrationTests", "tests\integration\DotNetShell.IntegrationTests\DotNetShell.IntegrationTests.csproj", "{4B3A9181-E17A-4A22-9A98-5F79A3E3F133}"
EndProject
Global
	GlobalSection(SolutionConfigurationPlatforms) = preSolution
		Debug|Any CPU = Debug|Any CPU
		Release|Any CPU = Release|Any CPU
	EndGlobalSection
	GlobalSection(ProjectConfigurationPlatforms) = postSolution
		{F84C63E0-E17A-4A22-9A98-5F79A3E3F123}.Debug|Any CPU.ActiveCfg = Debug|Any CPU
		{F84C63E0-E17A-4A22-9A98-5F79A3E3F123}.Debug|Any CPU.Build.0 = Debug|Any CPU
		{F84C63E0-E17A-4A22-9A98-5F79A3E3F123}.Release|Any CPU.ActiveCfg = Release|Any CPU
		{F84C63E0-E17A-4A22-9A98-5F79A3E3F123}.Release|Any CPU.Build.0 = Release|Any CPU
		{B2A1C9D8-E17A-4A22-9A98-5F79A3E3F124}.Debug|Any CPU.ActiveCfg = Debug|Any CPU
		{B2A1C9D8-E17A-4A22-9A98-5F79A3E3F124}.Debug|Any CPU.Build.0 = Debug|Any CPU
		{B2A1C9D8-E17A-4A22-9A98-5F79A3E3F124}.Release|Any CPU.ActiveCfg = Release|Any CPU
		{B2A1C9D8-E17A-4A22-9A98-5F79A3E3F124}.Release|Any CPU.Build.0 = Release|Any CPU
		{C3B2D0F9-E17A-4A22-9A98-5F79A3E3F125}.Debug|Any CPU.ActiveCfg = Debug|Any CPU
		{C3B2D0F9-E17A-4A22-9A98-5F79A3E3F125}.Debug|Any CPU.Build.0 = Debug|Any CPU
		{C3B2D0F9-E17A-4A22-9A98-5F79A3E3F125}.Release|Any CPU.ActiveCfg = Release|Any CPU
		{C3B2D0F9-E17A-4A22-9A98-5F79A3E3F125}.Release|Any CPU.Build.0 = Release|Any CPU
		{D4C3E1FA-E17A-4A22-9A98-5F79A3E3F126}.Debug|Any CPU.ActiveCfg = Debug|Any CPU
		{D4C3E1FA-E17A-4A22-9A98-5F79A3E3F126}.Debug|Any CPU.Build.0 = Debug|Any CPU
		{D4C3E1FA-E17A-4A22-9A98-5F79A3E3F126}.Release|Any CPU.ActiveCfg = Release|Any CPU
		{D4C3E1FA-E17A-4A22-9A98-5F79A3E3F126}.Release|Any CPU.Build.0 = Release|Any CPU
		{E5D4F2FB-E17A-4A22-9A98-5F79A3E3F127}.Debug|Any CPU.ActiveCfg = Debug|Any CPU
		{E5D4F2FB-E17A-4A22-9A98-5F79A3E3F127}.Debug|Any CPU.Build.0 = Debug|Any CPU
		{E5D4F2FB-E17A-4A22-9A98-5F79A3E3F127}.Release|Any CPU.ActiveCfg = Release|Any CPU
		{E5D4F2FB-E17A-4A22-9A98-5F79A3E3F127}.Release|Any CPU.Build.0 = Release|Any CPU
		{F6E5043C-E17A-4A22-9A98-5F79A3E3F128}.Debug|Any CPU.ActiveCfg = Debug|Any CPU
		{F6E5043C-E17A-4A22-9A98-5F79A3E3F128}.Debug|Any CPU.Build.0 = Debug|Any CPU
		{F6E5043C-E17A-4A22-9A98-5F79A3E3F128}.Release|Any CPU.ActiveCfg = Release|Any CPU
		{F6E5043C-E17A-4A22-9A98-5F79A3E3F128}.Release|Any CPU.Build.0 = Release|Any CPU
		{07F6154D-E17A-4A22-9A98-5F79A3E3F129}.Debug|Any CPU.ActiveCfg = Debug|Any CPU
		{07F6154D-E17A-4A22-9A98-5F79A3E3F129}.Debug|Any CPU.Build.0 = Debug|Any CPU
		{07F6154D-E17A-4A22-9A98-5F79A3E3F129}.Release|Any CPU.ActiveCfg = Release|Any CPU
		{07F6154D-E17A-4A22-9A98-5F79A3E3F129}.Release|Any CPU.Build.0 = Release|Any CPU
		{18076E5E-E17A-4A22-9A98-5F79A3E3F130}.Debug|Any CPU.ActiveCfg = Debug|Any CPU
		{18076E5E-E17A-4A22-9A98-5F79A3E3F130}.Debug|Any CPU.Build.0 = Debug|Any CPU
		{18076E5E-E17A-4A22-9A98-5F79A3E3F130}.Release|Any CPU.ActiveCfg = Release|Any CPU
		{18076E5E-E17A-4A22-9A98-5F79A3E3F130}.Release|Any CPU.Build.0 = Release|Any CPU
		{29187F6F-E17A-4A22-9A98-5F79A3E3F131}.Debug|Any CPU.ActiveCfg = Debug|Any CPU
		{29187F6F-E17A-4A22-9A98-5F79A3E3F131}.Debug|Any CPU.Build.0 = Debug|Any CPU
		{29187F6F-E17A-4A22-9A98-5F79A3E3F131}.Release|Any CPU.ActiveCfg = Release|Any CPU
		{29187F6F-E17A-4A22-9A98-5F79A3E3F131}.Release|Any CPU.Build.0 = Release|Any CPU
		{3A298070-E17A-4A22-9A98-5F79A3E3F132}.Debug|Any CPU.ActiveCfg = Debug|Any CPU
		{3A298070-E17A-4A22-9A98-5F79A3E3F132}.Debug|Any CPU.Build.0 = Debug|Any CPU
		{3A298070-E17A-4A22-9A98-5F79A3E3F132}.Release|Any CPU.ActiveCfg = Release|Any CPU
		{3A298070-E17A-4A22-9A98-5F79A3E3F132}.Release|Any CPU.Build.0 = Release|Any CPU
		{4B3A9181-E17A-4A22-9A98-5F79A3E3F133}.Debug|Any CPU.ActiveCfg = Debug|Any CPU
		{4B3A9181-E17A-4A22-9A98-5F79A3E3F133}.Debug|Any CPU.Build.0 = Debug|Any CPU
		{4B3A9181-E17A-4A22-9A98-5F79A3E3F133}.Release|Any CPU.ActiveCfg = Release|Any CPU
		{4B3A9181-E17A-4A22-9A98-5F79A3E3F133}.Release|Any CPU.Build.0 = Release|Any CPU
	EndGlobalSection
	GlobalSection(SolutionProperties) = preSolution
		HideSolutionNode = FALSE
	EndGlobalSection
	GlobalSection(NestedProjects) = preSolution
		{F84C63E0-E17A-4A22-9A98-5F79A3E3F123} = {9A19103F-16F7-4668-BE54-9A1E7A4F7556}
		{B2A1C9D8-E17A-4A22-9A98-5F79A3E3F124} = {9A19103F-16F7-4668-BE54-9A1E7A4F7556}
		{C3B2D0F9-E17A-4A22-9A98-5F79A3E3F125} = {9A19103F-16F7-4668-BE54-9A1E7A4F7556}
		{D4C3E1FA-E17A-4A22-9A98-5F79A3E3F126} = {9A19103F-16F7-4668-BE54-9A1E7A4F7556}
		{E5D4F2FB-E17A-4A22-9A98-5F79A3E3F127} = {9A19103F-16F7-4668-BE54-9A1E7A4F7556}
		{F6E5043C-E17A-4A22-9A98-5F79A3E3F128} = {9A19103F-16F7-4668-BE54-9A1E7A4F7556}
		{07F6154D-E17A-4A22-9A98-5F79A3E3F129} = {9A19103F-16F7-4668-BE54-9A1E7A4F7556}
		{18076E5E-E17A-4A22-9A98-5F79A3E3F130} = {A1B2C3D4-4F89-11D3-9A0C-0305E82C3303}
		{3F5504C0-4F89-11D3-9A0C-0305E82C3301} = {8BB2717D-A8FF-4C72-9C8C-2D1A4F2E5A3D}
		{6F8B6C59-4F89-11D3-9A0C-0305E82C3302} = {8BB2717D-A8FF-4C72-9C8C-2D1A4F2E5A3D}
		{29187F6F-E17A-4A22-9A98-5F79A3E3F131} = {3F5504C0-4F89-11D3-9A0C-0305E82C3301}
		{3A298070-E17A-4A22-9A98-5F79A3E3F132} = {3F5504C0-4F89-11D3-9A0C-0305E82C3301}
		{4B3A9181-E17A-4A22-9A98-5F79A3E3F133} = {6F8B6C59-4F89-11D3-9A0C-0305E82C3302}
	EndGlobalSection
	GlobalSection(ExtensibilityGlobals) = postSolution
		SolutionGuid = {12345678-1234-5678-9ABC-123456789ABC}
	EndGlobalSection
EndGlobal